// !$*UTF8*$!
{
	archiveVersion = 1;
	classes = {
	};
	objectVersion = 50;
	objects = {

/* Begin PBXBuildFile section */
		601C0169247FB1E200601283 /* AppDelegate.m in Sources */ = {isa = PBXBuildFile; fileRef = 601C0168247FB1E200601283 /* AppDelegate.m */; };
		601C016C247FB1E200601283 /* SceneDelegate.m in Sources */ = {isa = PBXBuildFile; fileRef = 601C016B247FB1E200601283 /* SceneDelegate.m */; };
		601C016F247FB1E200601283 /* ViewController.m in Sources */ = {isa = PBXBuildFile; fileRef = 601C016E247FB1E200601283 /* ViewController.m */; };
		601C0172247FB1E200601283 /* Main.storyboard in Resources */ = {isa = PBXBuildFile; fileRef = 601C0170247FB1E200601283 /* Main.storyboard */; };
		601C0174247FB1E500601283 /* Assets.xcassets in Resources */ = {isa = PBXBuildFile; fileRef = 601C0173247FB1E500601283 /* Assets.xcassets */; };
		601C0177247FB1E500601283 /* LaunchScreen.storyboard in Resources */ = {isa = PBXBuildFile; fileRef = 601C0175247FB1E500601283 /* LaunchScreen.storyboard */; };
		601C017A247FB1E600601283 /* main.m in Sources */ = {isa = PBXBuildFile; fileRef = 601C0179247FB1E600601283 /* main.m */; };
		601C01A72480DC6A00601283 /* XXViewController.m in Sources */ = {isa = PBXBuildFile; fileRef = 601C01A62480DC6900601283 /* XXViewController.m */; };
		601C01E72481127300601283 /* YHHookLoadFramework.framework in Frameworks */ = {isa = PBXBuildFile; fileRef = 601C01D92480EC9500601283 /* YHHookLoadFramework.framework */; settings = {ATTRIBUTES = (Required, ); }; };
		601C01E82481127300601283 /* YHHookLoadFramework.framework in Embed Frameworks */ = {isa = PBXBuildFile; fileRef = 601C01D92480EC9500601283 /* YHHookLoadFramework.framework */; settings = {ATTRIBUTES = (CodeSignOnCopy, RemoveHeadersOnCopy, ); }; };
/* End PBXBuildFile section */

/* Begin PBXContainerItemProxy section */
		601C01D82480EC9500601283 /* PBXContainerItemProxy */ = {
			isa = PBXContainerItemProxy;
			containerPortal = 601C01D42480EC9100601283 /* YHHookLoadFramework.xcodeproj */;
			proxyType = 2;
			remoteGlobalIDString = 601C01C92480EC9100601283;
			remoteInfo = YHHookLoadFramework;
		};
/* End PBXContainerItemProxy section */

/* Begin PBXCopyFilesBuildPhase section */
		601C01E92481127300601283 /* Embed Frameworks */ = {
			isa = PBXCopyFilesBuildPhase;
			buildActionMask = 2147483647;
			dstPath = "";
			dstSubfolderSpec = 10;
			files = (
				601C01E82481127300601283 /* YHHookLoadFramework.framework in Embed Frameworks */,
			);
			name = "Embed Frameworks";
			runOnlyForDeploymentPostprocessing = 0;
		};
/* End PBXCopyFilesBuildPhase section */

/* Begin PBXFileReference section */
		601C0164247FB1E200601283 /* YHHookLoadOC.app */ = {isa = PBXFileReference; explicitFileType = wrapper.application; includeInIndex = 0; path = YHHookLoadOC.app; sourceTree = BUILT_PRODUCTS_DIR; };
		601C0167247FB1E200601283 /* AppDelegate.h */ = {isa = PBXFileReference; lastKnownFileType = sourcecode.c.h; path = AppDelegate.h; sourceTree = "<group>"; };
		601C0168247FB1E200601283 /* AppDelegate.m */ = {isa = PBXFileReference; lastKnownFileType = sourcecode.c.objc; path = AppDelegate.m; sourceTree = "<group>"; };
		601C016A247FB1E200601283 /* SceneDelegate.h */ = {isa = PBXFileReference; lastKnownFileType = sourcecode.c.h; path = SceneDelegate.h; sourceTree = "<group>"; };
		601C016B247FB1E200601283 /* SceneDelegate.m */ = {isa = PBXFileReference; lastKnownFileType = sourcecode.c.objc; path = SceneDelegate.m; sourceTree = "<group>"; };
		601C016D247FB1E200601283 /* ViewController.h */ = {isa = PBXFileReference; lastKnownFileType = sourcecode.c.h; path = ViewController.h; sourceTree = "<group>"; };
		601C016E247FB1E200601283 /* ViewController.m */ = {isa = PBXFileReference; lastKnownFileType = sourcecode.c.objc; path = ViewController.m; sourceTree = "<group>"; };
		601C0171247FB1E200601283 /* Base */ = {isa = PBXFileReference; lastKnownFileType = file.storyboard; name = Base; path = Base.lproj/Main.storyboard; sourceTree = "<group>"; };
		601C0173247FB1E500601283 /* Assets.xcassets */ = {isa = PBXFileReference; lastKnownFileType = folder.assetcatalog; path = Assets.xcassets; sourceTree = "<group>"; };
		601C0176247FB1E500601283 /* Base */ = {isa = PBXFileReference; lastKnownFileType = file.storyboard; name = Base; path = Base.lproj/LaunchScreen.storyboard; sourceTree = "<group>"; };
		601C0178247FB1E600601283 /* Info.plist */ = {isa = PBXFileReference; lastKnownFileType = text.plist.xml; path = Info.plist; sourceTree = "<group>"; };
		601C0179247FB1E600601283 /* main.m */ = {isa = PBXFileReference; lastKnownFileType = sourcecode.c.objc; path = main.m; sourceTree = "<group>"; };
		601C01A52480DC6900601283 /* XXViewController.h */ = {isa = PBXFileReference; lastKnownFileType = sourcecode.c.h; path = XXViewController.h; sourceTree = "<group>"; };
		601C01A62480DC6900601283 /* XXViewController.m */ = {isa = PBXFileReference; lastKnownFileType = sourcecode.c.objc; path = XXViewController.m; sourceTree = "<group>"; };
		601C01D42480EC9100601283 /* YHHookLoadFramework.xcodeproj */ = {isa = PBXFileReference; lastKnownFileType = "wrapper.pb-project"; name = YHHookLoadFramework.xcodeproj; path = YHHookLoadFramework/YHHookLoadFramework.xcodeproj; sourceTree = "<group>"; };
/* End PBXFileReference section */

/* Begin PBXFrameworksBuildPhase section */
		601C0161247FB1E200601283 /* Frameworks */ = {
			isa = PBXFrameworksBuildPhase;
			buildActionMask = 2147483647;
			files = (
				601C01E72481127300601283 /* YHHookLoadFramework.framework in Frameworks */,
			);
			runOnlyForDeploymentPostprocessing = 0;
		};
/* End PBXFrameworksBuildPhase section */

/* Begin PBXGroup section */
		601C015B247FB1E200601283 = {
			isa = PBXGroup;
			children = (
				601C01D42480EC9100601283 /* YHHookLoadFramework.xcodeproj */,
				601C0166247FB1E200601283 /* YHHookLoadOC */,
				601C0165247FB1E200601283 /* Products */,
				601C01E02480EFFB00601283 /* Frameworks */,
			);
			sourceTree = "<group>";
		};
		601C0165247FB1E200601283 /* Products */ = {
			isa = PBXGroup;
			children = (
				601C0164247FB1E200601283 /* YHHookLoadOC.app */,
			);
			name = Products;
			sourceTree = "<group>";
		};
		601C0166247FB1E200601283 /* YHHookLoadOC */ = {
			isa = PBXGroup;
			children = (
				601C0167247FB1E200601283 /* AppDelegate.h */,
				601C0168247FB1E200601283 /* AppDelegate.m */,
				601C016A247FB1E200601283 /* SceneDelegate.h */,
				601C016B247FB1E200601283 /* SceneDelegate.m */,
				601C016D247FB1E200601283 /* ViewController.h */,
				601C016E247FB1E200601283 /* ViewController.m */,
				601C0170247FB1E200601283 /* Main.storyboard */,
				601C0173247FB1E500601283 /* Assets.xcassets */,
				601C0175247FB1E500601283 /* LaunchScreen.storyboard */,
				601C0178247FB1E600601283 /* Info.plist */,
				601C0179247FB1E600601283 /* main.m */,
				601C01A52480DC6900601283 /* XXViewController.h */,
				601C01A62480DC6900601283 /* XXViewController.m */,
			);
			path = YHHookLoadOC;
			sourceTree = "<group>";
		};
		601C01D52480EC9100601283 /* Products */ = {
			isa = PBXGroup;
			children = (
				601C01D92480EC9500601283 /* YHHookLoadFramework.framework */,
			);
			name = Products;
			sourceTree = "<group>";
		};
		601C01E02480EFFB00601283 /* Frameworks */ = {
			isa = PBXGroup;
			children = (
			);
			name = Frameworks;
			sourceTree = "<group>";
		};
/* End PBXGroup section */

/* Begin PBXNativeTarget section */
		601C0163247FB1E200601283 /* YHHookLoadOC */ = {
			isa = PBXNativeTarget;
			buildConfigurationList = 601C017D247FB1E600601283 /* Build configuration list for PBXNativeTarget "YHHookLoadOC" */;
			buildPhases = (
				601C0160247FB1E200601283 /* Sources */,
				601C0161247FB1E200601283 /* Frameworks */,
				601C0162247FB1E200601283 /* Resources */,
				601C01E92481127300601283 /* Embed Frameworks */,
			);
			buildRules = (
			);
			dependencies = (
			);
			name = YHHookLoadOC;
			productName = YHHookLoadOC;
			productReference = 601C0164247FB1E200601283 /* YHHookLoadOC.app */;
			productType = "com.apple.product-type.application";
		};
/* End PBXNativeTarget section */

/* Begin PBXProject section */
		601C015C247FB1E200601283 /* Project object */ = {
			isa = PBXProject;
			attributes = {
				LastUpgradeCheck = 1130;
				ORGANIZATIONNAME = YH;
				TargetAttributes = {
					601C0163247FB1E200601283 = {
						CreatedOnToolsVersion = 11.3.1;
					};
				};
			};
			buildConfigurationList = 601C015F247FB1E200601283 /* Build configuration list for PBXProject "YHHookLoadOC" */;
			compatibilityVersion = "Xcode 9.3";
			developmentRegion = en;
			hasScannedForEncodings = 0;
			knownRegions = (
				en,
				Base,
			);
			mainGroup = 601C015B247FB1E200601283;
			productRefGroup = 601C0165247FB1E200601283 /* Products */;
			projectDirPath = "";
			projectReferences = (
				{
					ProductGroup = 601C01D52480EC9100601283 /* Products */;
					ProjectRef = 601C01D42480EC9100601283 /* YHHookLoadFramework.xcodeproj */;
				},
			);
			projectRoot = "";
			targets = (
				601C0163247FB1E200601283 /* YHHookLoadOC */,
			);
		};
/* End PBXProject section */

/* Begin PBXReferenceProxy section */
		601C01D92480EC9500601283 /* YHHookLoadFramework.framework */ = {
			isa = PBXReferenceProxy;
			fileType = wrapper.framework;
			path = YHHookLoadFramework.framework;
			remoteRef = 601C01D82480EC9500601283 /* PBXContainerItemProxy */;
			sourceTree = BUILT_PRODUCTS_DIR;
		};
/* End PBXReferenceProxy section */

/* Begin PBXResourcesBuildPhase section */
		601C0162247FB1E200601283 /* Resources */ = {
			isa = PBXResourcesBuildPhase;
			buildActionMask = 2147483647;
			files = (
				601C0177247FB1E500601283 /* LaunchScreen.storyboard in Resources */,
				601C0174247FB1E500601283 /* Assets.xcassets in Resources */,
				601C0172247FB1E200601283 /* Main.storyboard in Resources */,
			);
			runOnlyForDeploymentPostprocessing = 0;
		};
/* End PBXResourcesBuildPhase section */

/* Begin PBXSourcesBuildPhase section */
		601C0160247FB1E200601283 /* Sources */ = {
			isa = PBXSourcesBuildPhase;
			buildActionMask = 2147483647;
			files = (
				601C016F247FB1E200601283 /* ViewController.m in Sources */,
				601C0169247FB1E200601283 /* AppDelegate.m in Sources */,
				601C01A72480DC6A00601283 /* XXViewController.m in Sources */,
				601C017A247FB1E600601283 /* main.m in Sources */,
				601C016C247FB1E200601283 /* SceneDelegate.m in Sources */,
			);
			runOnlyForDeploymentPostprocessing = 0;
		};
/* End PBXSourcesBuildPhase section */

/* Begin PBXVariantGroup section */
		601C0170247FB1E200601283 /* Main.storyboard */ = {
			isa = PBXVariantGroup;
			children = (
				601C0171247FB1E200601283 /* Base */,
			);
			name = Main.storyboard;
			sourceTree = "<group>";
		};
		601C0175247FB1E500601283 /* LaunchScreen.storyboard */ = {
			isa = PBXVariantGroup;
			children = (
				601C0176247FB1E500601283 /* Base */,
			);
			name = LaunchScreen.storyboard;
			sourceTree = "<group>";
		};
/* End PBXVariantGroup section */

/* Begin XCBuildConfiguration section */
		601C017B247FB1E600601283 /* Debug */ = {
			isa = XCBuildConfiguration;
			buildSettings = {
				ALWAYS_SEARCH_USER_PATHS = NO;
				CLANG_ANALYZER_NONNULL = YES;
				CLANG_ANALYZER_NUMBER_OBJECT_CONVERSION = YES_AGGRESSIVE;
				CLANG_CXX_LANGUAGE_STANDARD = "gnu++14";
				CLANG_CXX_LIBRARY = "libc++";
				CLANG_ENABLE_MODULES = YES;
				CLANG_ENABLE_OBJC_ARC = YES;
				CLANG_ENABLE_OBJC_WEAK = YES;
				CLANG_WARN_BLOCK_CAPTURE_AUTORELEASING = YES;
				CLANG_WARN_BOOL_CONVERSION = YES;
				CLANG_WARN_COMMA = YES;
				CLANG_WARN_CONSTANT_CONVERSION = YES;
				CLANG_WARN_DEPRECATED_OBJC_IMPLEMENTATIONS = YES;
				CLANG_WARN_DIRECT_OBJC_ISA_USAGE = YES_ERROR;
				CLANG_WARN_DOCUMENTATION_COMMENTS = YES;
				CLANG_WARN_EMPTY_BODY = YES;
				CLANG_WARN_ENUM_CONVERSION = YES;
				CLANG_WARN_INFINITE_RECURSION = YES;
				CLANG_WARN_INT_CONVERSION = YES;
				CLANG_WARN_NON_LITERAL_NULL_CONVERSION = YES;
				CLANG_WARN_OBJC_IMPLICIT_RETAIN_SELF = YES;
				CLANG_WARN_OBJC_LITERAL_CONVERSION = YES;
				CLANG_WARN_OBJC_ROOT_CLASS = YES_ERROR;
				CLANG_WARN_RANGE_LOOP_ANALYSIS = YES;
				CLANG_WARN_STRICT_PROTOTYPES = YES;
				CLANG_WARN_SUSPICIOUS_MOVE = YES;
				CLANG_WARN_UNGUARDED_AVAILABILITY = YES_AGGRESSIVE;
				CLANG_WARN_UNREACHABLE_CODE = YES;
				CLANG_WARN__DUPLICATE_METHOD_MATCH = YES;
				COPY_PHASE_STRIP = NO;
				DEBUG_INFORMATION_FORMAT = dwarf;
				ENABLE_STRICT_OBJC_MSGSEND = YES;
				ENABLE_TESTABILITY = YES;
				GCC_C_LANGUAGE_STANDARD = gnu11;
				GCC_DYNAMIC_NO_PIC = NO;
				GCC_NO_COMMON_BLOCKS = YES;
				GCC_OPTIMIZATION_LEVEL = 0;
				GCC_PREPROCESSOR_DEFINITIONS = (
					"DEBUG=1",
					"$(inherited)",
				);
				GCC_WARN_64_TO_32_BIT_CONVERSION = YES;
				GCC_WARN_ABOUT_RETURN_TYPE = YES_ERROR;
				GCC_WARN_UNDECLARED_SELECTOR = YES;
				GCC_WARN_UNINITIALIZED_AUTOS = YES_AGGRESSIVE;
				GCC_WARN_UNUSED_FUNCTION = YES;
				GCC_WARN_UNUSED_VARIABLE = YES;
				IPHONEOS_DEPLOYMENT_TARGET = 13.2;
				MTL_ENABLE_DEBUG_INFO = INCLUDE_SOURCE;
				MTL_FAST_MATH = YES;
				ONLY_ACTIVE_ARCH = YES;
				SDKROOT = iphoneos;
			};
			name = Debug;
		};
		601C017C247FB1E600601283 /* Release */ = {
			isa = XCBuildConfiguration;
			buildSettings = {
				ALWAYS_SEARCH_USER_PATHS = NO;
				CLANG_ANALYZER_NONNULL = YES;
				CLANG_ANALYZER_NUMBER_OBJECT_CONVERSION = YES_AGGRESSIVE;
				CLANG_CXX_LANGUAGE_STANDARD = "gnu++14";
				CLANG_CXX_LIBRARY = "libc++";
				CLANG_ENABLE_MODULES = YES;
				CLANG_ENABLE_OBJC_ARC = YES;
				CLANG_ENABLE_OBJC_WEAK = YES;
				CLANG_WARN_BLOCK_CAPTURE_AUTORELEASING = YES;
				CLANG_WARN_BOOL_CONVERSION = YES;
				CLANG_WARN_COMMA = YES;
				CLANG_WARN_CONSTANT_CONVERSION = YES;
				CLANG_WARN_DEPRECATED_OBJC_IMPLEMENTATIONS = YES;
				CLANG_WARN_DIRECT_OBJC_ISA_USAGE = YES_ERROR;
				CLANG_WARN_DOCUMENTATION_COMMENTS = YES;
				CLANG_WARN_EMPTY_BODY = YES;
				CLANG_WARN_ENUM_CONVERSION = YES;
				CLANG_WARN_INFINITE_RECURSION = YES;
				CLANG_WARN_INT_CONVERSION = YES;
				CLANG_WARN_NON_LITERAL_NULL_CONVERSION = YES;
				CLANG_WARN_OBJC_IMPLICIT_RETAIN_SELF = YES;
				CLANG_WARN_OBJC_LITERAL_CONVERSION = YES;
				CLANG_WARN_OBJC_ROOT_CLASS = YES_ERROR;
				CLANG_WARN_RANGE_LOOP_ANALYSIS = YES;
				CLANG_WARN_STRICT_PROTOTYPES = YES;
				CLANG_WARN_SUSPICIOUS_MOVE = YES;
				CLANG_WARN_UNGUARDED_AVAILABILITY = YES_AGGRESSIVE;
				CLANG_WARN_UNREACHABLE_CODE = YES;
				CLANG_WARN__DUPLICATE_METHOD_MATCH = YES;
				COPY_PHASE_STRIP = NO;
				DEBUG_INFORMATION_FORMAT = "dwarf-with-dsym";
				ENABLE_NS_ASSERTIONS = NO;
				ENABLE_STRICT_OBJC_MSGSEND = YES;
				GCC_C_LANGUAGE_STANDARD = gnu11;
				GCC_NO_COMMON_BLOCKS = YES;
				GCC_WARN_64_TO_32_BIT_CONVERSION = YES;
				GCC_WARN_ABOUT_RETURN_TYPE = YES_ERROR;
				GCC_WARN_UNDECLARED_SELECTOR = YES;
				GCC_WARN_UNINITIALIZED_AUTOS = YES_AGGRESSIVE;
				GCC_WARN_UNUSED_FUNCTION = YES;
				GCC_WARN_UNUSED_VARIABLE = YES;
				IPHONEOS_DEPLOYMENT_TARGET = 13.2;
				MTL_ENABLE_DEBUG_INFO = NO;
				MTL_FAST_MATH = YES;
				SDKROOT = iphoneos;
				VALIDATE_PRODUCT = YES;
			};
			name = Release;
		};
		601C017E247FB1E600601283 /* Debug */ = {
			isa = XCBuildConfiguration;
			buildSettings = {
				ASSETCATALOG_COMPILER_APPICON_NAME = AppIcon;
				CODE_SIGN_STYLE = Automatic;
				DEVELOPMENT_TEAM = CQ44W28Q5W;
				ENABLE_BITCODE = NO;
				FRAMEWORK_SEARCH_PATHS = (
					"$(inherited)",
					"$(PROJECT_DIR)",
				);
				INFOPLIST_FILE = YHHookLoadOC/Info.plist;
				IPHONEOS_DEPLOYMENT_TARGET = 9.0;
				LD_RUNPATH_SEARCH_PATHS = (
					"$(inherited)",
					"@executable_path/Frameworks",
				);
				ONLY_ACTIVE_ARCH = YES;
				PRODUCT_BUNDLE_IDENTIFIER = xdf.Yunhai.YHHookLoadOC;
				PRODUCT_NAME = "$(TARGET_NAME)";
				TARGETED_DEVICE_FAMILY = "1,2";
			};
			name = Debug;
		};
		601C017F247FB1E600601283 /* Release */ = {
			isa = XCBuildConfiguration;
			buildSettings = {
				ASSETCATALOG_COMPILER_APPICON_NAME = AppIcon;
				CODE_SIGN_STYLE = Automatic;
				DEVELOPMENT_TEAM = CQ44W28Q5W;
				ENABLE_BITCODE = NO;
				FRAMEWORK_SEARCH_PATHS = (
					"$(inherited)",
					"$(PROJECT_DIR)",
				);
				INFOPLIST_FILE = YHHookLoadOC/Info.plist;
				IPHONEOS_DEPLOYMENT_TARGET = 9.0;
				LD_RUNPATH_SEARCH_PATHS = (
					"$(inherited)",
					"@executable_path/Frameworks",
				);
				ONLY_ACTIVE_ARCH = NO;
				PRODUCT_BUNDLE_IDENTIFIER = xdf.Yunhai.YHHookLoadOC;
				PRODUCT_NAME = "$(TARGET_NAME)";
				TARGETED_DEVICE_FAMILY = "1,2";
			};
			name = Release;
		};
/* End XCBuildConfiguration section */

/* Begin XCConfigurationList section */
		601C015F247FB1E200601283 /* Build configuration list for PBXProject "YHHookLoadOC" */ = {
			isa = XCConfigurationList;
			buildConfigurations = (
				601C017B247FB1E600601283 /* Debug */,
				601C017C247FB1E600601283 /* Release */,
			);
			defaultConfigurationIsVisible = 0;
			defaultConfigurationName = Release;
		};
		601C017D247FB1E600601283 /* Build configuration list for PBXNativeTarget "YHHookLoadOC" */ = {
			isa = XCConfigurationList;
			buildConfigurations = (
				601C017E247FB1E600601283 /* Debug */,
				601C017F247FB1E600601283 /* Release */,
			);
			defaultConfigurationIsVisible = 0;
			defaultConfigurationName = Release;
		};
/* End XCConfigurationList section */
	};
	rootObject = 601C015C247FB1E200601283 /* Project object */;
}
